
Microsoft Visual Studio Solution File, Format Version 12.00
# Visual Studio Version 16
VisualStudioVersion = 16.0.31729.503
MinimumVisualStudioVersion = 10.0.40219.1
Project("{FAE04EC0-301F-11D3-BF4B-00C04F79EFBC}") = "EmpSwitchcase", "EmpSwitchcase.csproj", "{E4E46BE2-2211-4253-A8B9-260E5496F97E}"
EndProject
Global
	GlobalSection(SolutionConfigurationPlatforms) = preSolution
		Debug|Any CPU = Debug|Any CPU
		Release|Any CPU = Release|Any CPU
	EndGlobalSection
	GlobalSection(ProjectConfigurationPlatforms) = postSolution
		{E4E46BE2-2211-4253-A8B9-260E5496F97E}.Debug|Any CPU.ActiveCfg = Debug|Any CPU
		{E4E46BE2-2211-4253-A8B9-260E5496F97E}.Debug|Any CPU.Build.0 = Debug|Any CPU
		{E4E46BE2-2211-4253-A8B9-260E5496F97E}.Release|Any CPU.ActiveCfg = Release|Any CPU
		{E4E46BE2-2211-4253-A8B9-260E5496F97E}.Release|Any CPU.Build.0 = Release|Any CPU
	EndGlobalSection
	GlobalSection(SolutionProperties) = preSolution
		HideSolutionNode = FALSE
	EndGlobalSection
	GlobalSection(ExtensibilityGlobals) = postSolution
		SolutionGuid = {5B265BCB-9C1D-4BB1-B62A-4A4DA521E80D}
	EndGlobalSection
EndGlobal
